Microsoft Visual Studio Solution File, Format Version 12.00
# Visual Studio Version 17
VisualStudioVersion = 17.5.2.0
MinimumVisualStudioVersion = 10.0.40219.1
Project("{FAE04EC0-301F-11D3-BF4B-00C04F79EFBC}") = "Simulador de Computador RISC-V", "Simulador de Computador RISC-V\Simulador de Computador RISC-V.csproj", "{351149B5-8361-D13B-FAA9-E49156782F43}"
EndProject
Global
	GlobalSection(SolutionConfigurationPlatforms) = preSolution
		Debug|Any CPU = Debug|Any CPU
		Release|Any CPU = Release|Any CPU
	EndGlobalSection
	GlobalSection(ProjectConfigurationPlatforms) = postSolution
		{351149B5-8361-D13B-FAA9-E49156782F43}.Debug|Any CPU.ActiveCfg = Debug|Any CPU
		{351149B5-8361-D13B-FAA9-E49156782F43}.Debug|Any CPU.Build.0 = Debug|Any CPU
		{351149B5-8361-D13B-FAA9-E49156782F43}.Release|Any CPU.ActiveCfg = Release|Any CPU
		{351149B5-8361-D13B-FAA9-E49156782F43}.Release|Any CPU.Build.0 = Release|Any CPU
	EndGlobalSection
	GlobalSection(SolutionProperties) = preSolution
		HideSolutionNode = FALSE
	EndGlobalSection
	GlobalSection(ExtensibilityGlobals) = postSolution
		SolutionGuid = {AB6645D7-5349-4CD5-8CB4-45E78B74E6E4}
	EndGlobalSection
EndGlobal
